PODS:
  - bubifm77av40ex_core (0.1.0):
    - FlutterMacOS
  - bubifm77av40ex_platform (0.1.0):
    - FlutterMacOS
  - FlutterMacOS (1.0.0)

DEPENDENCIES:
  - bubifm77av40ex_core (from `Flutter/ephemeral/.symlinks/plugins/bubifm77av40ex_core/macos`)
  - bubifm77av40ex_platform (from `Flutter/ephemeral/.symlinks/plugins/bubifm77av40ex_platform/macos`)
  - FlutterMacOS (from `Flutter/ephemeral`)

EXTERNAL SOURCES:
  bubifm77av40ex_core:
    :path: Flutter/ephemeral/.symlinks/plugins/bubifm77av40ex_core/macos
  bubifm77av40ex_platform:
    :path: Flutter/ephemeral/.symlinks/plugins/bubifm77av40ex_platform/macos
  FlutterMacOS:
    :path: Flutter/ephemeral

SPEC CHECKSUMS:
  bubifm77av40ex_core: 273c71a98a21657700d2fec1a2dd6bdca69ddf81
  bubifm77av40ex_platform: e7640948d721109af330bf6f815160ffbf6a0288
  FlutterMacOS: c232990155153907050900a2e175c7773903ba4e

PODFILE CHECKSUM: d41f7d8fe395791b3088f85bba0a8a7505481876

COCOAPODS: 1.17.0
